
Microsoft Visual Studio Solution File, Format Version 12.00
# Visual Studio Version 17
VisualStudioVersion = 17.10.35027.167
MinimumVisualStudioVersion = 10.0.40219.1
Project("{FAE04EC0-301F-11D3-BF4B-00C04F79EFBC}") = "basicCS", "basicCS.csproj", "{24157CB1-657D-430C-8A5D-E4F8C7713E42}"
EndProject
Global
	GlobalSection(SolutionConfigurationPlatforms) = preSolution
		Debug|Any CPU = Debug|Any CPU
		Release|Any CPU = Release|Any CPU
	EndGlobalSection
	GlobalSection(ProjectConfigurationPlatforms) = postSolution
		{24157CB1-657D-430C-8A5D-E4F8C7713E42}.Debug|Any CPU.ActiveCfg = Debug|Any CPU
		{24157CB1-657D-430C-8A5D-E4F8C7713E42}.Debug|Any CPU.Build.0 = Debug|Any CPU
		{24157CB1-657D-430C-8A5D-E4F8C7713E42}.Release|Any CPU.ActiveCfg = Release|Any CPU
		{24157CB1-657D-430C-8A5D-E4F8C7713E42}.Release|Any CPU.Build.0 = Release|Any CPU
	EndGlobalSection
	GlobalSection(SolutionProperties) = preSolution
		HideSolutionNode = FALSE
	EndGlobalSection
	GlobalSection(ExtensibilityGlobals) = postSolution
		SolutionGuid = {7B36C2AD-4F38-4B0C-91B0-5EC60842C8BE}
	EndGlobalSection
EndGlobal
